// !$*UTF8*$!
{
	archiveVersion = 1;
	classes = {
	};
	objectVersion = 50;
	objects = {

/* Begin PBXBuildFile section */
		2B586BDD13CFE5C2F8CB1EBC /* Pods_Repository.framework in Frameworks */ = {isa = PBXBuildFile; fileRef = 6EDA5786A353A6E437F633A4 /* Pods_Repository.framework */; };
		D53AB52A2500F2B000309D3A /* CDUser+extension.swift in Sources */ = {isa = PBXBuildFile; fileRef = D53AB5292500F2B000309D3A /* CDUser+extension.swift */; };
		D5F94E9D24FE3264009E0E33 /* Repository.h in Headers */ = {isa = PBXBuildFile; fileRef = D5F94E9B24FE3264009E0E33 /* Repository.h */; settings = {ATTRIBUTES = (Public, ); }; };
		D5F94EA824FE3335009E0E33 /* PresistentStorage.swift in Sources */ = {isa = PBXBuildFile; fileRef = D5F94EA524FE3335009E0E33 /* PresistentStorage.swift */; };
		D5F94EA924FE3335009E0E33 /* UserDataRepository.swift in Sources */ = {isa = PBXBuildFile; fileRef = D5F94EA724FE3335009E0E33 /* UserDataRepository.swift */; };
		D5F94EB824FE3617009E0E33 /* UserModeled.xcdatamodeld in Sources */ = {isa = PBXBuildFile; fileRef = D5F94EB624FE3617009E0E33 /* UserModeled.xcdatamodeld */; };
		D5F94EBF24FE36EF009E0E33 /* CDUser+CoreDataClass.swift in Sources */ = {isa = PBXBuildFile; fileRef = D5F94EBD24FE36EF009E0E33 /* CDUser+CoreDataClass.swift */; };
		D5F94EC024FE36EF009E0E33 /* CDUser+CoreDataProperties.swift in Sources */ = {isa = PBXBuildFile; fileRef = D5F94EBE24FE36EF009E0E33 /* CDUser+CoreDataProperties.swift */; };
		D5F94EC324FE387A009E0E33 /* UserModel.swift in Sources */ = {isa = PBXBuildFile; fileRef = D5F94EC224FE387A009E0E33 /* UserModel.swift */; };
/* End PBXBuildFile section */

/* Begin PBXFileReference section */
		34C57C931F45138D8F7A5C52 /* Pods-Repository.release.xcconfig */ = {isa = PBXFileReference; includeInIndex = 1; lastKnownFileType = text.xcconfig; name = "Pods-Repository.release.xcconfig"; path = "Target Support Files/Pods-Repository/Pods-Repository.release.xcconfig"; sourceTree = "<group>"; };
		6EDA5786A353A6E437F633A4 /* Pods_Repository.framework */ = {isa = PBXFileReference; explicitFileType = wrapper.framework; includeInIndex = 0; path = Pods_Repository.framework; sourceTree = BUILT_PRODUCTS_DIR; };
		D53AB5292500F2B000309D3A /* CDUser+extension.swift */ = {isa = PBXFileReference; lastKnownFileType = sourcecode.swift; path = "CDUser+extension.swift"; sourceTree = "<group>"; };
		D5F94E9824FE3264009E0E33 /* Repository.framework */ = {isa = PBXFileReference; explicitFileType = wrapper.framework; includeInIndex = 0; path = Repository.framework; sourceTree = BUILT_PRODUCTS_DIR; };
		D5F94E9B24FE3264009E0E33 /* Repository.h */ = {isa = PBXFileReference; lastKnownFileType = sourcecode.c.h; path = Repository.h; sourceTree = "<group>"; };
		D5F94E9C24FE3264009E0E33 /* Info.plist */ = {isa = PBXFileReference; lastKnownFileType = text.plist.xml; path = Info.plist; sourceTree = "<group>"; };
		D5F94EA524FE3335009E0E33 /* PresistentStorage.swift */ = {isa = PBXFileReference; fileEncoding = 4; lastKnownFileType = sourcecode.swift; path = PresistentStorage.swift; sourceTree = "<group>"; };
		D5F94EA724FE3335009E0E33 /* UserDataRepository.swift */ = {isa = PBXFileReference; fileEncoding = 4; lastKnownFileType = sourcecode.swift; path = UserDataRepository.swift; sourceTree = "<group>"; };
		D5F94EB724FE3617009E0E33 /* UserModeled.xcdatamodel */ = {isa = PBXFileReference; lastKnownFileType = wrapper.xcdatamodel; path = UserModeled.xcdatamodel; sourceTree = "<group>"; };
		D5F94EBD24FE36EF009E0E33 /* CDUser+CoreDataClass.swift */ = {isa = PBXFileReference; lastKnownFileType = sourcecode.swift; path = "CDUser+CoreDataClass.swift"; sourceTree = "<group>"; };
		D5F94EBE24FE36EF009E0E33 /* CDUser+CoreDataProperties.swift */ = {isa = PBXFileReference; lastKnownFileType = sourcecode.swift; path = "CDUser+CoreDataProperties.swift"; sourceTree = "<group>"; };
		D5F94EC224FE387A009E0E33 /* UserModel.swift */ = {isa = PBXFileReference; lastKnownFileType = sourcecode.swift; path = UserModel.swift; sourceTree = "<group>"; };
		E066E53746BC73C74D2EF499 /* Pods-Repository.debug.xcconfig */ = {isa = PBXFileReference; includeInIndex = 1; lastKnownFileType = text.xcconfig; name = "Pods-Repository.debug.xcconfig"; path = "Target Support Files/Pods-Repository/Pods-Repository.debug.xcconfig"; sourceTree = "<group>"; };
/* End PBXFileReference section */

/* Begin PBXFrameworksBuildPhase section */
		D5F94E9524FE3264009E0E33 /* Frameworks */ = {
			isa = PBXFrameworksBuildPhase;
			buildActionMask = 2147483647;
			files = (
				2B586BDD13CFE5C2F8CB1EBC /* Pods_Repository.framework in Frameworks */,
			);
			runOnlyForDeploymentPostprocessing = 0;
		};
/* End PBXFrameworksBuildPhase section */

/* Begin PBXGroup section */
		0DDD0F4A353E054DF015281B /* Pods */ = {
			isa = PBXGroup;
			children = (
				E066E53746BC73C74D2EF499 /* Pods-Repository.debug.xcconfig */,
				34C57C931F45138D8F7A5C52 /* Pods-Repository.release.xcconfig */,
			);
			name = Pods;
			path = ../Pods;
			sourceTree = "<group>";
		};
		A4B0E7B85862073578F26949 /* Frameworks */ = {
			isa = PBXGroup;
			children = (
				6EDA5786A353A6E437F633A4 /* Pods_Repository.framework */,
			);
			name = Frameworks;
			sourceTree = "<group>";
		};
		D5F94E8E24FE3264009E0E33 = {
			isa = PBXGroup;
			children = (
				D5F94E9A24FE3264009E0E33 /* Repository */,
				D5F94E9924FE3264009E0E33 /* Products */,
				0DDD0F4A353E054DF015281B /* Pods */,
				A4B0E7B85862073578F26949 /* Frameworks */,
			);
			sourceTree = "<group>";
		};
		D5F94E9924FE3264009E0E33 /* Products */ = {
			isa = PBXGroup;
			children = (
				D5F94E9824FE3264009E0E33 /* Repository.framework */,
			);
			name = Products;
			sourceTree = "<group>";
		};
		D5F94E9A24FE3264009E0E33 /* Repository */ = {
			isa = PBXGroup;
			children = (
				D5F94EA324FE3282009E0E33 /* Resources */,
				D5F94E9B24FE3264009E0E33 /* Repository.h */,
				D5F94E9C24FE3264009E0E33 /* Info.plist */,
			);
			path = Repository;
			sourceTree = "<group>";
		};
		D5F94EA324FE3282009E0E33 /* Resources */ = {
			isa = PBXGroup;
			children = (
				D5F94EBD24FE36EF009E0E33 /* CDUser+CoreDataClass.swift */,
				D5F94EBE24FE36EF009E0E33 /* CDUser+CoreDataProperties.swift */,
				D53AB5292500F2B000309D3A /* CDUser+extension.swift */,
				D5F94EB624FE3617009E0E33 /* UserModeled.xcdatamodeld */,
				D5F94EC124FE386F009E0E33 /* Model */,
				D5F94EA424FE3335009E0E33 /* CoreDataSupportFiles */,
				D5F94EA624FE3335009E0E33 /* Repository */,
			);
			path = Resources;
			sourceTree = "<group>";
		};
		D5F94EA424FE3335009E0E33 /* CoreDataSupportFiles */ = {
			isa = PBXGroup;
			children = (
				D5F94EA524FE3335009E0E33 /* PresistentStorage.swift */,
			);
			path = CoreDataSupportFiles;
			sourceTree = "<group>";
		};
		D5F94EA624FE3335009E0E33 /* Repository */ = {
			isa = PBXGroup;
			children = (
				D5F94EA724FE3335009E0E33 /* UserDataRepository.swift */,
			);
			path = Repository;
			sourceTree = "<group>";
		};
		D5F94EC124FE386F009E0E33 /* Model */ = {
			isa = PBXGroup;
			children = (
				D5F94EC224FE387A009E0E33 /* UserModel.swift */,
			);
			path = Model;
			sourceTree = "<group>";
		};
/* End PBXGroup section */

/* Begin PBXHeadersBuildPhase section */
		D5F94E9324FE3264009E0E33 /* Headers */ = {
			isa = PBXHeadersBuildPhase;
			buildActionMask = 2147483647;
			files = (
				D5F94E9D24FE3264009E0E33 /* Repository.h in Headers */,
			);
			runOnlyForDeploymentPostprocessing = 0;
		};
/* End PBXHeadersBuildPhase section */

/* Begin PBXNativeTarget section */
		D5F94E9724FE3264009E0E33 /* Repository */ = {
			isa = PBXNativeTarget;
			buildConfigurationList = D5F94EA024FE3264009E0E33 /* Build configuration list for PBXNativeTarget "Repository" */;
			buildPhases = (
				EE0C3CDE0AB8817E554D15E2 /* [CP] Check Pods Manifest.lock */,
				D5F94E9324FE3264009E0E33 /* Headers */,
				D5F94E9424FE3264009E0E33 /* Sources */,
				D5F94E9524FE3264009E0E33 /* Frameworks */,
				D5F94E9624FE3264009E0E33 /* Resources */,
			);
			buildRules = (
			);
			dependencies = (
			);
			name = Repository;
			productName = Repository;
			productReference = D5F94E9824FE3264009E0E33 /* Repository.framework */;
			productType = "com.apple.product-type.framework";
		};
/* End PBXNativeTarget section */

/* Begin PBXProject section */
		D5F94E8F24FE3264009E0E33 /* Project object */ = {
			isa = PBXProject;
			attributes = {
				LastUpgradeCheck = 1160;
				ORGANIZATIONNAME = alfian0;
				TargetAttributes = {
					D5F94E9724FE3264009E0E33 = {
						CreatedOnToolsVersion = 11.6;
					};
				};
			};
			buildConfigurationList = D5F94E9224FE3264009E0E33 /* Build configuration list for PBXProject "Repository" */;
			compatibilityVersion = "Xcode 9.3";
			developmentRegion = en;
			hasScannedForEncodings = 0;
			knownRegions = (
				en,
				Base,
			);
			mainGroup = D5F94E8E24FE3264009E0E33;
			productRefGroup = D5F94E9924FE3264009E0E33 /* Products */;
			projectDirPath = "";
			projectRoot = "";
			targets = (
				D5F94E9724FE3264009E0E33 /* Repository */,
			);
		};
/* End PBXProject section */

/* Begin PBXResourcesBuildPhase section */
		D5F94E9624FE3264009E0E33 /* Resources */ = {
			isa = PBXResourcesBuildPhase;
			buildActionMask = 2147483647;
			files = (
			);
			runOnlyForDeploymentPostprocessing = 0;
		};
/* End PBXResourcesBuildPhase section */

/* Begin PBXShellScriptBuildPhase section */
		EE0C3CDE0AB8817E554D15E2 /* [CP] Check Pods Manifest.lock */ = {
			isa = PBXShellScriptBuildPhase;
			buildActionMask = 2147483647;
			files = (
			);
			inputFileListPaths = (
			);
			inputPaths = (
				"${PODS_PODFILE_DIR_PATH}/Podfile.lock",
				"${PODS_ROOT}/Manifest.lock",
			);
			name = "[CP] Check Pods Manifest.lock";
			outputFileListPaths = (
			);
			outputPaths = (
				"$(DERIVED_FILE_DIR)/Pods-Repository-checkManifestLockResult.txt",
			);
			runOnlyForDeploymentPostprocessing = 0;
			shellPath = /bin/sh;
			shellScript = "diff \"${PODS_PODFILE_DIR_PATH}/Podfile.lock\" \"${PODS_ROOT}/Manifest.lock\" > /dev/null\nif [ $? != 0 ] ; then\n    # print error to STDERR\n    echo \"error: The sandbox is not in sync with the Podfile.lock. Run 'pod install' or update your CocoaPods installation.\" >&2\n    exit 1\nfi\n# This output is used by Xcode 'outputs' to avoid re-running this script phase.\necho \"SUCCESS\" > \"${SCRIPT_OUTPUT_FILE_0}\"\n";
			showEnvVarsInLog = 0;
		};
/* End PBXShellScriptBuildPhase section */

/* Begin PBXSourcesBuildPhase section */
		D5F94E9424FE3264009E0E33 /* Sources */ = {
			isa = PBXSourcesBuildPhase;
			buildActionMask = 2147483647;
			files = (
				D5F94EA924FE3335009E0E33 /* UserDataRepository.swift in Sources */,
				D53AB52A2500F2B000309D3A /* CDUser+extension.swift in Sources */,
				D5F94EC024FE36EF009E0E33 /* CDUser+CoreDataProperties.swift in Sources */,
				D5F94EA824FE3335009E0E33 /* PresistentStorage.swift in Sources */,
				D5F94EB824FE3617009E0E33 /* UserModeled.xcdatamodeld in Sources */,
				D5F94EC324FE387A009E0E33 /* UserModel.swift in Sources */,
				D5F94EBF24FE36EF009E0E33 /* CDUser+CoreDataClass.swift in Sources */,
			);
			runOnlyForDeploymentPostprocessing = 0;
		};
/* End PBXSourcesBuildPhase section */

/* Begin XCBuildConfiguration section */
		D5F94E9E24FE3264009E0E33 /* Debug */ = {
			isa = XCBuildConfiguration;
			buildSettings = {
				ALWAYS_SEARCH_USER_PATHS = NO;
				CLANG_ANALYZER_NONNULL = YES;
				CLANG_ANALYZER_NUMBER_OBJECT_CONVERSION = YES_AGGRESSIVE;
				CLANG_CXX_LANGUAGE_STANDARD = "gnu++14";
				CLANG_CXX_LIBRARY = "libc++";
				CLANG_ENABLE_MODULES = YES;
				CLANG_ENABLE_OBJC_ARC = YES;
				CLANG_ENABLE_OBJC_WEAK = YES;
				CLANG_WARN_BLOCK_CAPTURE_AUTORELEASING = YES;
				CLANG_WARN_BOOL_CONVERSION = YES;
				CLANG_WARN_COMMA = YES;
				CLANG_WARN_CONSTANT_CONVERSION = YES;
				CLANG_WARN_DEPRECATED_OBJC_IMPLEMENTATIONS = YES;
				CLANG_WARN_DIRECT_OBJC_ISA_USAGE = YES_ERROR;
				CLANG_WARN_DOCUMENTATION_COMMENTS = YES;
				CLANG_WARN_EMPTY_BODY = YES;
				CLANG_WARN_ENUM_CONVERSION = YES;
				CLANG_WARN_INFINITE_RECURSION = YES;
				CLANG_WARN_INT_CONVERSION = YES;
				CLANG_WARN_NON_LITERAL_NULL_CONVERSION = YES;
				CLANG_WARN_OBJC_IMPLICIT_RETAIN_SELF = YES;
				CLANG_WARN_OBJC_LITERAL_CONVERSION = YES;
				CLANG_WARN_OBJC_ROOT_CLASS = YES_ERROR;
				CLANG_WARN_RANGE_LOOP_ANALYSIS = YES;
				CLANG_WARN_STRICT_PROTOTYPES = YES;
				CLANG_WARN_SUSPICIOUS_MOVE = YES;
				CLANG_WARN_UNGUARDED_AVAILABILITY = YES_AGGRESSIVE;
				CLANG_WARN_UNREACHABLE_CODE = YES;
				CLANG_WARN__DUPLICATE_METHOD_MATCH = YES;
				COPY_PHASE_STRIP = NO;
				CURRENT_PROJECT_VERSION = 1;
				DEBUG_INFORMATION_FORMAT = dwarf;
				ENABLE_STRICT_OBJC_MSGSEND = YES;
				ENABLE_TESTABILITY = YES;
				GCC_C_LANGUAGE_STANDARD = gnu11;
				GCC_DYNAMIC_NO_PIC = NO;
				GCC_NO_COMMON_BLOCKS = YES;
				GCC_OPTIMIZATION_LEVEL = 0;
				GCC_PREPROCESSOR_DEFINITIONS = (
					"DEBUG=1",
					"$(inherited)",
				);
				GCC_WARN_64_TO_32_BIT_CONVERSION = YES;
				GCC_WARN_ABOUT_RETURN_TYPE = YES_ERROR;
				GCC_WARN_UNDECLARED_SELECTOR = YES;
				GCC_WARN_UNINITIALIZED_AUTOS = YES_AGGRESSIVE;
				GCC_WARN_UNUSED_FUNCTION = YES;
				GCC_WARN_UNUSED_VARIABLE = YES;
				IPHONEOS_DEPLOYMENT_TARGET = 13.6;
				MTL_ENABLE_DEBUG_INFO = INCLUDE_SOURCE;
				MTL_FAST_MATH = YES;
				ONLY_ACTIVE_ARCH = YES;
				SDKROOT = iphoneos;
				SWIFT_ACTIVE_COMPILATION_CONDITIONS = DEBUG;
				SWIFT_OPTIMIZATION_LEVEL = "-Onone";
				VERSIONING_SYSTEM = "apple-generic";
				VERSION_INFO_PREFIX = "";
			};
			name = Debug;
		};
		D5F94E9F24FE3264009E0E33 /* Release */ = {
			isa = XCBuildConfiguration;
			buildSettings = {
				ALWAYS_SEARCH_USER_PATHS = NO;
				CLANG_ANALYZER_NONNULL = YES;
				CLANG_ANALYZER_NUMBER_OBJECT_CONVERSION = YES_AGGRESSIVE;
				CLANG_CXX_LANGUAGE_STANDARD = "gnu++14";
				CLANG_CXX_LIBRARY = "libc++";
				CLANG_ENABLE_MODULES = YES;
				CLANG_ENABLE_OBJC_ARC = YES;
				CLANG_ENABLE_OBJC_WEAK = YES;
				CLANG_WARN_BLOCK_CAPTURE_AUTORELEASING = YES;
				CLANG_WARN_BOOL_CONVERSION = YES;
				CLANG_WARN_COMMA = YES;
				CLANG_WARN_CONSTANT_CONVERSION = YES;
				CLANG_WARN_DEPRECATED_OBJC_IMPLEMENTATIONS = YES;
				CLANG_WARN_DIRECT_OBJC_ISA_USAGE = YES_ERROR;
				CLANG_WARN_DOCUMENTATION_COMMENTS = YES;
				CLANG_WARN_EMPTY_BODY = YES;
				CLANG_WARN_ENUM_CONVERSION = YES;
				CLANG_WARN_INFINITE_RECURSION = YES;
				CLANG_WARN_INT_CONVERSION = YES;
				CLANG_WARN_NON_LITERAL_NULL_CONVERSION = YES;
				CLANG_WARN_OBJC_IMPLICIT_RETAIN_SELF = YES;
				CLANG_WARN_OBJC_LITERAL_CONVERSION = YES;
				CLANG_WARN_OBJC_ROOT_CLASS = YES_ERROR;
				CLANG_WARN_RANGE_LOOP_ANALYSIS = YES;
				CLANG_WARN_STRICT_PROTOTYPES = YES;
				CLANG_WARN_SUSPICIOUS_MOVE = YES;
				CLANG_WARN_UNGUARDED_AVAILABILITY = YES_AGGRESSIVE;
				CLANG_WARN_UNREACHABLE_CODE = YES;
				CLANG_WARN__DUPLICATE_METHOD_MATCH = YES;
				COPY_PHASE_STRIP = NO;
				CURRENT_PROJECT_VERSION = 1;
				DEBUG_INFORMATION_FORMAT = "dwarf-with-dsym";
				ENABLE_NS_ASSERTIONS = NO;
				ENABLE_STRICT_OBJC_MSGSEND = YES;
				GCC_C_LANGUAGE_STANDARD = gnu11;
				GCC_NO_COMMON_BLOCKS = YES;
				GCC_WARN_64_TO_32_BIT_CONVERSION = YES;
				GCC_WARN_ABOUT_RETURN_TYPE = YES_ERROR;
				GCC_WARN_UNDECLARED_SELECTOR = YES;
				GCC_WARN_UNINITIALIZED_AUTOS = YES_AGGRESSIVE;
				GCC_WARN_UNUSED_FUNCTION = YES;
				GCC_WARN_UNUSED_VARIABLE = YES;
				IPHONEOS_DEPLOYMENT_TARGET = 13.6;
				MTL_ENABLE_DEBUG_INFO = NO;
				MTL_FAST_MATH = YES;
				SDKROOT = iphoneos;
				SWIFT_COMPILATION_MODE = wholemodule;
				SWIFT_OPTIMIZATION_LEVEL = "-O";
				VALIDATE_PRODUCT = YES;
				VERSIONING_SYSTEM = "apple-generic";
				VERSION_INFO_PREFIX = "";
			};
			name = Release;
		};
		D5F94EA124FE3264009E0E33 /* Debug */ = {
			isa = XCBuildConfiguration;
			baseConfigurationReference = E066E53746BC73C74D2EF499 /* Pods-Repository.debug.xcconfig */;
			buildSettings = {
				CODE_SIGN_STYLE = Automatic;
				DEFINES_MODULE = YES;
				DYLIB_COMPATIBILITY_VERSION = 1;
				DYLIB_CURRENT_VERSION = 1;
				DYLIB_INSTALL_NAME_BASE = "@rpath";
				INFOPLIST_FILE = Repository/Info.plist;
				INSTALL_PATH = "$(LOCAL_LIBRARY_DIR)/Frameworks";
				IPHONEOS_DEPLOYMENT_TARGET = 10.0;
				LD_RUNPATH_SEARCH_PATHS = (
					"$(inherited)",
					"@executable_path/Frameworks",
					"@loader_path/Frameworks",
				);
				PRODUCT_BUNDLE_IDENTIFIER = id.alfian.Repository;
				PRODUCT_NAME = "$(TARGET_NAME:c99extidentifier)";
				SKIP_INSTALL = YES;
				SWIFT_VERSION = 5.0;
				TARGETED_DEVICE_FAMILY = "1,2";
			};
			name = Debug;
		};
		D5F94EA224FE3264009E0E33 /* Release */ = {
			isa = XCBuildConfiguration;
			baseConfigurationReference = 34C57C931F45138D8F7A5C52 /* Pods-Repository.release.xcconfig */;
			buildSettings = {
				CODE_SIGN_STYLE = Automatic;
				DEFINES_MODULE = YES;
				DYLIB_COMPATIBILITY_VERSION = 1;
				DYLIB_CURRENT_VERSION = 1;
				DYLIB_INSTALL_NAME_BASE = "@rpath";
				INFOPLIST_FILE = Repository/Info.plist;
				INSTALL_PATH = "$(LOCAL_LIBRARY_DIR)/Frameworks";
				IPHONEOS_DEPLOYMENT_TARGET = 10.0;
				LD_RUNPATH_SEARCH_PATHS = (
					"$(inherited)",
					"@executable_path/Frameworks",
					"@loader_path/Frameworks",
				);
				PRODUCT_BUNDLE_IDENTIFIER = id.alfian.Repository;
				PRODUCT_NAME = "$(TARGET_NAME:c99extidentifier)";
				SKIP_INSTALL = YES;
				SWIFT_VERSION = 5.0;
				TARGETED_DEVICE_FAMILY = "1,2";
			};
			name = Release;
		};
/* End XCBuildConfiguration section */

/* Begin XCConfigurationList section */
		D5F94E9224FE3264009E0E33 /* Build configuration list for PBXProject "Repository" */ = {
			isa = XCConfigurationList;
			buildConfigurations = (
				D5F94E9E24FE3264009E0E33 /* Debug */,
				D5F94E9F24FE3264009E0E33 /* Release */,
			);
			defaultConfigurationIsVisible = 0;
			defaultConfigurationName = Release;
		};
		D5F94EA024FE3264009E0E33 /* Build configuration list for PBXNativeTarget "Repository" */ = {
			isa = XCConfigurationList;
			buildConfigurations = (
				D5F94EA124FE3264009E0E33 /* Debug */,
				D5F94EA224FE3264009E0E33 /* Release */,
			);
			defaultConfigurationIsVisible = 0;
			defaultConfigurationName = Release;
		};
/* End XCConfigurationList section */

/* Begin XCVersionGroup section */
		D5F94EB624FE3617009E0E33 /* UserModeled.xcdatamodeld */ = {
			isa = XCVersionGroup;
			children = (
				D5F94EB724FE3617009E0E33 /* UserModeled.xcdatamodel */,
			);
			currentVersion = D5F94EB724FE3617009E0E33 /* UserModeled.xcdatamodel */;
			path = UserModeled.xcdatamodeld;
			sourceTree = "<group>";
			versionGroupType = wrapper.xcdatamodel;
		};
/* End XCVersionGroup section */
	};
	rootObject = D5F94E8F24FE3264009E0E33 /* Project object */;
}
